version = 1
revision = 3
requires-python = "==3.12.*"

[[package]]
name = "cffi"
version = "2.0.0"
source = { registry = "https://pypi.org/simple" }
dependencies = [
    { name = "pycparser", marker = "implementation_name != 'PyPy'" },
]
sdist = { url = "https://files.pythonhosted.org/packages/eb/56/b1ba7935a17738ae8453301356628e8147c79dbb825bcbc73dc7401f9846/cffi-2.0.0.tar.gz", hash = "sha256:44d1b5909021139fe36001ae048dbdde8214afa20200eda0f64c068cac5d5529", size = 523588, upload-time = "2025-09-08T23:24:04.541Z" }
wheels = [
    { url = "https://files.pythonhosted.org/packages/ea/47/4f61023ea636104d4f16ab488e268b93008c3d0bb76893b1b31db1f96802/cffi-2.0.0-cp312-cp312-macosx_10_13_x86_64.whl", hash = "sha256:6d02d6655b0e54f54c4ef0b94eb6be0607b70853c45ce98bd278dc7de718be5d", size = 185271, upload-time = "2025-09-08T23:22:44.795Z" },
    { url = "https://files.pythonhosted.org/packages/df/a2/781b623f57358e360d62cdd7a8c681f074a71d445418a776eef0aadb4ab4/cffi-2.0.0-cp312-cp312-macosx_11_0_arm64.whl", hash = "sha256:8eca2a813c1cb7ad4fb74d368c2ffbbb4789d377ee5bb8df98373c2cc0dee76c", size = 181048, upload-time = "2025-09-08T23:22:45.938Z" },
    { url = "https://files.pythonhosted.org/packages/ff/df/a4f0fbd47331ceeba3d37c2e51e9dfc9722498becbeec2bd8bc856c9538a/cffi-2.0.0-cp312-cp312-manylinux1_i686.manylinux2014_i686.manylinux_2_17_i686.manylinux_2_5_i686.whl", hash = "sha256:21d1152871b019407d8ac3985f6775c079416c282e431a4da6afe7aefd2bccbe", size = 212529, upload-time = "2025-09-08T23:22:47.349Z" },
    { url = "https://files.pythonhosted.org/packages/d5/72/12b5f8d3865bf0f87cf1404d8c374e7487dcf097a1c91c436e72e6badd83/cffi-2.0.0-cp312-cp312-manylinux2014_aarch64.manylinux_2_17_aarch64.whl", hash = "sha256:b21e08af67b8a103c71a250401c78d5e0893beff75e28c53c98f4de42f774062", size = 220097, upload-time = "2025-09-08T23:22:48.677Z" },
    { url = "https://files.pythonhosted.org/packages/c2/95/7a135d52a50dfa7c882ab0ac17e8dc11cec9d55d2c18dda414c051c5e69e/cffi-2.0.0-cp312-cp312-manylinux2014_ppc64le.manylinux_2_17_ppc64le.whl", hash = "sha256:1e3a615586f05fc4065a8b22b8152f0c1b00cdbc60596d187c2a74f9e3036e4e", size = 207983, upload-time = "2025-09-08T23:22:50.06Z" },
    { url = "https://files.pythonhosted.org/packages/3a/c8/15cb9ada8895957ea171c62dc78ff3e99159ee7adb13c0123c001a2546c1/cffi-2.0.0-cp312-cp312-manylinux2014_s390x.manylinux_2_17_s390x.whl", hash = "sha256:81afed14892743bbe14dacb9e36d9e0e504cd204e0b165062c488942b9718037", size = 206519, upload-time = "2025-09-08T23:22:51.364Z" },
    { url = "https://files.pythonhosted.org/packages/78/2d/7fa73dfa841b5ac06c7b8855cfc18622132e365f5b81d02230333ff26e9e/cffi-2.0.0-cp312-cp312-manylinux2014_x86_64.manylinux_2_17_x86_64.whl", hash = "sha256:3e17ed538242334bf70832644a32a7aae3d83b57567f9fd60a26257e992b79ba", size = 219572, upload-time = "2025-09-08T23:22:52.902Z" },
    { url = "https://files.pythonhosted.org/packages/07/e0/267e57e387b4ca276b90f0434ff88b2c2241ad72b16d31836adddfd6031b/cffi-2.0.0-cp312-cp312-musllinux_1_2_aarch64.whl", hash = "sha256:3925dd22fa2b7699ed2617149842d2e6adde22b262fcbfada50e3d195e4b3a94", size = 222963, upload-time = "2025-09-08T23:22:54.518Z" },
    { url = "https://files.pythonhosted.org/packages/b6/75/1f2747525e06f53efbd878f4d03bac5b859cbc11c633d0fb81432d98a795/cffi-2.0.0-cp312-cp312-musllinux_1_2_x86_64.whl", hash = "sha256:2c8f814d84194c9ea681642fd164267891702542f028a15fc97d4674b6206187", size = 221361, upload-time = "2025-09-08T23:22:55.867Z" },
    { url = "https://files.pythonhosted.org/packages/7b/2b/2b6435f76bfeb6bbf055596976da087377ede68df465419d192acf00c437/cffi-2.0.0-cp312-cp312-win32.whl", hash = "sha256:da902562c3e9c550df360bfa53c035b2f241fed6d9aef119048073680ace4a18", size = 172932, upload-time = "2025-09-08T23:22:57.188Z" },
    { url = "https://files.pythonhosted.org/packages/f8/ed/13bd4418627013bec4ed6e54283b1959cf6db888048c7cf4b4c3b5b36002/cffi-2.0.0-cp312-cp312-win_amd64.whl", hash = "sha256:da68248800ad6320861f129cd9c1bf96ca849a2771a59e0344e88681905916f5", size = 183557, upload-time = "2025-09-08T23:22:58.351Z" },
    { url = "https://files.pythonhosted.org/packages/95/31/9f7f93ad2f8eff1dbc1c3656d7ca5bfd8fb52c9d786b4dcf19b2d02217fa/cffi-2.0.0-cp312-cp312-win_arm64.whl", hash = "sha256:4671d9dd5ec934cb9a73e7ee9676f9362aba54f7f34910956b84d727b0d73fb6", size = 177762, upload-time = "2025-09-08T23:22:59.668Z" },
]

[[package]]
name = "clarabel"
version = "0.11.1"
source = { registry = "https://pypi.org/simple" }
dependencies = [
    { name = "cffi" },
    { name = "numpy" },
    { name = "scipy" },
]
sdist = { url = "https://files.pythonhosted.org/packages/81/e2/47f692161779dbd98876015de934943effb667a014e6f79a6d746b3e4c2a/clarabel-0.11.1.tar.gz", hash = "sha256:e7c41c47f0e59aeab99aefff9e58af4a8753ee5269bbeecbd5526fc6f41b9598", size = 253949, upload-time = "2025-06-11T16:49:05.864Z" }
wheels = [
    { url = "https://files.pythonhosted.org/packages/34/f7/f82698b6d00a40a80c67e9a32b2628886aadfaf7f7b32daa12a463e44571/clarabel-0.11.1-cp39-abi3-macosx_10_12_x86_64.whl", hash = "sha256:c39160e4222040f051f2a0598691c4f9126b4d17f5b9e7678f76c71d611e12d8", size = 1039511, upload-time = "2025-06-11T16:48:58.525Z" },
    { url = "https://files.pythonhosted.org/packages/b0/8f/13650cfe25762b51175c677330e6471d5d2c5851a6fbd6df77f0681bb34e/clarabel-0.11.1-cp39-abi3-macosx_11_0_arm64.whl", hash = "sha256:8963687ee250d27310d139eea5a6816f9c3ae31f33691b56579ca4f0f0b64b63", size = 935135, upload-time = "2025-06-11T16:48:59.901Z" },
    { url = "https://files.pythonhosted.org/packages/2b/9e/7af10d2b540b39f1a05d1ebba604fce933cc9bc0e65e88ec3b7a84976425/clarabel-0.11.1-cp39-abi3-manylinux_2_17_aarch64.manylinux2014_aarch64.whl", hash = "sha256:e4837b9d0db01e98239f04b1e3526a6cf568529d3c19a8b3f591befdc467f9bb", size = 1079226, upload-time = "2025-06-11T16:49:00.987Z" },
    { url = "https://files.pythonhosted.org/packages/6b/a9/c76edf781ca3283186ff4b54a9a4fb51367fd04313a68e2b09f062407439/clarabel-0.11.1-cp39-abi3-manylinux_2_17_x86_64.manylinux2014_x86_64.whl", hash = "sha256:c8c41aaa6f3f8c0f3bd9d86c3e568dcaee079562c075bd2ec9fb3a80287380ef", size = 1164345, upload-time = "2025-06-11T16:49:02.675Z" },
    { url = "https://files.pythonhosted.org/packages/41/e6/4eee3062088c221e5a18b054e51c69f616e0bb0dc1b0a1a5e0fe90dfa18e/clarabel-0.11.1-cp39-abi3-win_amd64.whl", hash = "sha256:557d5148a4377ae1980b65d00605ae870a8f34f95f0f6a41e04aa6d3edf67148", size = 887310, upload-time = "2025-06-11T16:49:04.277Z" },
]

[[package]]
name = "cvxpy"
version = "1.9.2"
source = { registry = "https://pypi.org/simple" }
dependencies = [
    { name = "clarabel" },
    { name = "highspy" },
    { name = "numpy" },
    { name = "osqp" },
    { name = "qdldl" },
    { name = "scipy" },
    { name = "scs" },
    { name = "sparsediffpy" },
]
sdist = { url = "https://files.pythonhosted.org/packages/ea/b7/209c6df38f3621fc2f32298c93e7d0310b8a1ee4ef15e5fa59d90492fa6f/cvxpy-1.9.2.tar.gz", hash = "sha256:b2e939f197a7081a300d5a95812fec8643fabaf23a149abf7e67ca7f89671d92", size = 1916772, upload-time = "2026-06-22T04:37:31.975Z" }
wheels = [
    { url = "https://files.pythonhosted.org/packages/b4/43/929526a0801cdd56fbb8350f2200cec49739344d12f310f0aafea1f3506e/cvxpy-1.9.2-cp312-cp312-macosx_10_13_universal2.whl", hash = "sha256:bc9082110ac7f9d9a121f4dea73936f9b65ec043af91562677478edf4962905b", size = 1635177, upload-time = "2026-06-22T04:32:07.194Z" },
    { url = "https://files.pythonhosted.org/packages/e0/0b/3be49d69c0a90e22572b5ed1c568d4f2357f14f013597a4314f4ea98a2da/cvxpy-1.9.2-cp312-cp312-macosx_10_13_x86_64.whl", hash = "sha256:ba59da053c4d15fffa54921dc4b8b929d5a11937692703133858c2be6329107b", size = 1425036, upload-time = "2026-06-22T04:32:08.444Z" },
    { url = "https://files.pythonhosted.org/packages/28/70/80e2ec67a9588cf6e2b99f3e528c4508457cba16c5f5a2a8195c255d043e/cvxpy-1.9.2-cp312-cp312-manylinux_2_24_aarch64.manylinux_2_28_aarch64.whl", hash = "sha256:fa6e86a6ecd19a63751b470a3ed44d5fba6663ab9e05d6040bb954e80a4f7551", size = 4379465, upload-time = "2026-06-22T04:37:29.121Z" },
    { url = "https://files.pythonhosted.org/packages/56/6b/f0f804c7b626917edfe1801baddb85076cdb2fc0e52ed49ff112db82f980/cvxpy-1.9.2-cp312-cp312-manylinux_2_24_x86_64.manylinux_2_28_x86_64.whl", hash = "sha256:074897ae8f2378174099c082feef5a93b44f4c8dc9b3e960397c31fa3cebf722", size = 4427785, upload-time = "2026-06-22T04:37:30.5Z" },
    { url = "https://files.pythonhosted.org/packages/60/54/81871ee6599d33e3a60907829aafff78e713e1c3a34ce57d1e4ef26fdb5d/cvxpy-1.9.2-cp312-cp312-win_amd64.whl", hash = "sha256:1cc56d04515201a3e2f58a16ea59812a0126dd1419f0726f8322e6dc227a9062", size = 1386030, upload-time = "2026-06-22T04:35:23.856Z" },
]

[[package]]
name = "highspy"
version = "1.14.0"
source = { registry = "https://pypi.org/simple" }
dependencies = [
    { name = "numpy" },
]
sdist = { url = "https://files.pythonhosted.org/packages/7a/66/e74b1a805f65c52666e3b54cfc1ba783e745c2c8a7abaae9e7ef2d9e7270/highspy-1.14.0.tar.gz", hash = "sha256:b09cb5e3179a25fc615b8b0941130b0f71e19372c119f3dd620d63b54cd3ca4c", size = 1654913, upload-time = "2026-04-06T15:53:31.738Z" }
wheels = [
    { url = "https://files.pythonhosted.org/packages/c6/3d/83ee11de10ff6499efdb6edbb4586b472a4e9f982c0f6c5d3faa670bf1c3/highspy-1.14.0-cp312-cp312-macosx_10_13_x86_64.whl", hash = "sha256:2a8d0339887d65f5ef20c59be529af33115197d47f775ee21fca911a87d30f92", size = 2311831, upload-time = "2026-04-06T15:52:08.042Z" },
    { url = "https://files.pythonhosted.org/packages/b6/74/51cfca0c382886e302c4e6b9a50f9b160d214a88b4bc5937f5f8e2452dd9/highspy-1.14.0-cp312-cp312-macosx_11_0_arm64.whl", hash = "sha256:2f61406a287b19680ece9a8c0bc3926e31d26ad2b4df8ba49f22666ce762fb7d", size = 2122237, upload-time = "2026-04-06T15:52:09.587Z" },
    { url = "https://files.pythonhosted.org/packages/78/69/a60f9dc033712f564089700441fb08c7f89db32bccab7926ef95db6b2306/highspy-1.14.0-cp312-cp312-manylinux_2_24_aarch64.manylinux_2_28_aarch64.whl", hash = "sha256:74ee022cc8cc0e3a576f9b2309287974ea80db68adf8c9f1c5698dc725ec0497", size = 2409165, upload-time = "2026-04-06T15:52:11.067Z" },
    { url = "https://files.pythonhosted.org/packages/cd/c5/efa6d74704aa0bc5ffce9975553f6d13f4527e6fad8f79e7cacadfedd3d3/highspy-1.14.0-cp312-cp312-manylinux_2_24_x86_64.manylinux_2_28_x86_64.whl", hash = "sha256:eb7c564ee426355671edf6ad17b2ece5aaa74f21b326ed5e7a8ba5bdc880f207", size = 2632243, upload-time = "2026-04-06T15:52:12.529Z" },
    { url = "https://files.pythonhosted.org/packages/f2/1f/a701fee9ca318e6d175d719f8916d090dd7c8100c28bc591adac9fc2db35/highspy-1.14.0-cp312-cp312-manylinux_2_26_i686.manylinux_2_28_i686.whl", hash = "sha256:44d80756dde11941336933d777ae85b913c303fe40c3b7eb55fae0fe62bbea08", size = 2792226, upload-time = "2026-04-06T15:52:14.065Z" },
    { url = "https://files.pythonhosted.org/packages/cc/a4/b1db0018292e46d75d7aa7889f220d0fa0f2243a628e57790de80f1fc22f/highspy-1.14.0-cp312-cp312-musllinux_1_2_aarch64.whl", hash = "sha256:6ba00a35b6c4b96eb2d20d75238c6046ecf82ac85a603706e5f588d28c3b3abf", size = 3465843, upload-time = "2026-04-06T15:52:15.692Z" },
    { url = "https://files.pythonhosted.org/packages/6c/41/64c4b290a5237e14fbc7e4812d110aecf457273bbade8b27ca9b9ea86c5b/highspy-1.14.0-cp312-cp312-musllinux_1_2_i686.whl", hash = "sha256:e991b5ac8af64d686f2a56fb59391b4bb81a50d647fe1e31a1b0ff34d9d2bb51", size = 4042641, upload-time = "2026-04-06T15:52:17.573Z" },
    { url = "https://files.pythonhosted.org/packages/30/3a/cff37994f2fd313467749bc9939e5baab4aef0210c79547471d6bbda5e81/highspy-1.14.0-cp312-cp312-musllinux_1_2_x86_64.whl", hash = "sha256:c10554bd0a37d4be126f24cbb7f5aca5a4252dd6e572b51b2433ad6d94ce7a9d", size = 3712946, upload-time = "2026-04-06T15:52:19.466Z" },
    { url = "https://files.pythonhosted.org/packages/6d/60/f328af00a9f05838e766aa7808dc733bb74a4fa79adcf5fdd665cfb8d7ed/highspy-1.14.0-cp312-cp312-win32.whl", hash = "sha256:7290540f0352192e43bdc790a59a82cee1f8029bd8d6b9ca20b54b651256bab4", size = 1955124, upload-time = "2026-04-06T15:52:20.965Z" },
    { url = "https://files.pythonhosted.org/packages/69/ea/0b47c49b6df4474c603b6a232278d5d6e6afddcb9da5044e06dfec579222/highspy-1.14.0-cp312-cp312-win_amd64.whl", hash = "sha256:c0568d0fb514dc82776c3be1041988fe428c9df2be0ce98c1bff6382c0d2a5ba", size = 2323321, upload-time = "2026-04-06T15:52:22.418Z" },
]

[[package]]
name = "importlib-resources"
version = "7.1.0"
source = { registry = "https://pypi.org/simple" }
sdist = { url = "https://files.pythonhosted.org/packages/e4/06/b56dfa750b44e86157093bc8fca0ab81dccbf5260510de4eaf1cb69b5b99/importlib_resources-7.1.0.tar.gz", hash = "sha256:0722d4c6212489c530f2a145a34c0a7a3b4721bc96a15fada5930e2a0b760708", size = 44985, upload-time = "2026-04-12T16:36:09.232Z" }
wheels = [
    { url = "https://files.pythonhosted.org/packages/8a/db/55a262f3606bebcae07cc14095338471ad7c0bbcaa37707e6f0ee49725b7/importlib_resources-7.1.0-py3-none-any.whl", hash = "sha256:1bd7b48b4088eddb2cd16382150bb515af0bd2c70128194392725f82ad2c96a1", size = 37232, upload-time = "2026-04-12T16:36:08.219Z" },
]

[[package]]
name = "jinja2"
version = "3.1.6"
source = { registry = "https://pypi.org/simple" }
dependencies = [
    { name = "markupsafe" },
]
sdist = { url = "https://files.pythonhosted.org/packages/df/bf/f7da0350254c0ed7c72f3e33cef02e048281fec7ecec5f032d4aac52226b/jinja2-3.1.6.tar.gz", hash = "sha256:0137fb05990d35f1275a587e9aee6d56da821fc83491a0fb838183be43f66d6d", size = 245115, upload-time = "2025-03-05T20:05:02.478Z" }
wheels = [
    { url = "https://files.pythonhosted.org/packages/62/a1/3d680cbfd5f4b8f15abc1d571870c5fc3e594bb582bc3b64ea099db13e56/jinja2-3.1.6-py3-none-any.whl", hash = "sha256:85ece4451f492d0c13c5dd7c13a64681a86afae63a5f347908daf103ce6d2f67", size = 134899, upload-time = "2025-03-05T20:05:00.369Z" },
]

[[package]]
name = "joblib"
version = "1.5.3"
source = { registry = "https://pypi.org/simple" }
sdist = { url = "https://files.pythonhosted.org/packages/41/f2/d34e8b3a08a9cc79a50b2208a93dce981fe615b64d5a4d4abee421d898df/joblib-1.5.3.tar.gz", hash = "sha256:8561a3269e6801106863fd0d6d84bb737be9e7631e33aaed3fb9ce5953688da3", size = 331603, upload-time = "2025-12-15T08:41:46.427Z" }
wheels = [
    { url = "https://files.pythonhosted.org/packages/7b/91/984aca2ec129e2757d1e4e3c81c3fcda9d0f85b74670a094cc443d9ee949/joblib-1.5.3-py3-none-any.whl", hash = "sha256:5fc3c5039fc5ca8c0276333a188bbd59d6b7ab37fe6632daa76bc7f9ec18e713", size = 309071, upload-time = "2025-12-15T08:41:44.973Z" },
]

[[package]]
name = "markupsafe"
version = "3.0.3"
source = { registry = "https://pypi.org/simple" }
sdist = { url = "https://files.pythonhosted.org/packages/7e/99/7690b6d4034fffd95959cbe0c02de8deb3098cc577c67bb6a24fe5d7caa7/markupsafe-3.0.3.tar.gz", hash = "sha256:722695808f4b6457b320fdc131280796bdceb04ab50fe1795cd540799ebe1698", size = 80313, upload-time = "2025-09-27T18:37:40.426Z" }
wheels = [
    { url = "https://files.pythonhosted.org/packages/5a/72/147da192e38635ada20e0a2e1a51cf8823d2119ce8883f7053879c2199b5/markupsafe-3.0.3-cp312-cp312-macosx_10_13_x86_64.whl", hash = "sha256:d53197da72cc091b024dd97249dfc7794d6a56530370992a5e1a08983ad9230e", size = 11615, upload-time = "2025-09-27T18:36:30.854Z" },
    { url = "https://files.pythonhosted.org/packages/9a/81/7e4e08678a1f98521201c3079f77db69fb552acd56067661f8c2f534a718/markupsafe-3.0.3-cp312-cp312-macosx_11_0_arm64.whl", hash = "sha256:1872df69a4de6aead3491198eaf13810b565bdbeec3ae2dc8780f14458ec73ce", size = 12020, upload-time = "2025-09-27T18:36:31.971Z" },
    { url = "https://files.pythonhosted.org/packages/1e/2c/799f4742efc39633a1b54a92eec4082e4f815314869865d876824c257c1e/markupsafe-3.0.3-cp312-cp312-manylinux2014_aarch64.manylinux_2_17_aarch64.manylinux_2_28_aarch64.whl", hash = "sha256:3a7e8ae81ae39e62a41ec302f972ba6ae23a5c5396c8e60113e9066ef893da0d", size = 24332, upload-time = "2025-09-27T18:36:32.813Z" },
    { url = "https://files.pythonhosted.org/packages/3c/2e/8d0c2ab90a8c1d9a24f0399058ab8519a3279d1bd4289511d74e909f060e/markupsafe-3.0.3-cp312-cp312-manylinux2014_x86_64.manylinux_2_17_x86_64.manylinux_2_28_x86_64.whl", hash = "sha256:d6dd0be5b5b189d31db7cda48b91d7e0a9795f31430b7f271219ab30f1d3ac9d", size = 22947, upload-time = "2025-09-27T18:36:33.86Z" },
    { url = "https://files.pythonhosted.org/packages/2c/54/887f3092a85238093a0b2154bd629c89444f395618842e8b0c41783898ea/markupsafe-3.0.3-cp312-cp312-manylinux_2_31_riscv64.manylinux_2_39_riscv64.whl", hash = "sha256:94c6f0bb423f739146aec64595853541634bde58b2135f27f61c1ffd1cd4d16a", size = 21962, upload-time = "2025-09-27T18:36:35.099Z" },
    { url = "https://files.pythonhosted.org/packages/c9/2f/336b8c7b6f4a4d95e91119dc8521402461b74a485558d8f238a68312f11c/markupsafe-3.0.3-cp312-cp312-musllinux_1_2_aarch64.whl", hash = "sha256:be8813b57049a7dc738189df53d69395eba14fb99345e0a5994914a3864c8a4b", size = 23760, upload-time = "2025-09-27T18:36:36.001Z" },
    { url = "https://files.pythonhosted.org/packages/32/43/67935f2b7e4982ffb50a4d169b724d74b62a3964bc1a9a527f5ac4f1ee2b/markupsafe-3.0.3-cp312-cp312-musllinux_1_2_riscv64.whl", hash = "sha256:83891d0e9fb81a825d9a6d61e3f07550ca70a076484292a70fde82c4b807286f", size = 21529, upload-time = "2025-09-27T18:36:36.906Z" },
    { url = "https://files.pythonhosted.org/packages/89/e0/4486f11e51bbba8b0c041098859e869e304d1c261e59244baa3d295d47b7/markupsafe-3.0.3-cp312-cp312-musllinux_1_2_x86_64.whl", hash = "sha256:77f0643abe7495da77fb436f50f8dab76dbc6e5fd25d39589a0f1fe6548bfa2b", size = 23015, upload-time = "2025-09-27T18:36:37.868Z" },
    { url = "https://files.pythonhosted.org/packages/2f/e1/78ee7a023dac597a5825441ebd17170785a9dab23de95d2c7508ade94e0e/markupsafe-3.0.3-cp312-cp312-win32.whl", hash = "sha256:d88b440e37a16e651bda4c7c2b930eb586fd15ca7406cb39e211fcff3bf3017d", size = 14540, upload-time = "2025-09-27T18:36:38.761Z" },
    { url = "https://files.pythonhosted.org/packages/aa/5b/bec5aa9bbbb2c946ca2733ef9c4ca91c91b6a24580193e891b5f7dbe8e1e/markupsafe-3.0.3-cp312-cp312-win_amd64.whl", hash = "sha256:26a5784ded40c9e318cfc2bdb30fe164bdb8665ded9cd64d500a34fb42067b1c", size = 15105, upload-time = "2025-09-27T18:36:39.701Z" },
    { url = "https://files.pythonhosted.org/packages/e5/f1/216fc1bbfd74011693a4fd837e7026152e89c4bcf3e77b6692fba9923123/markupsafe-3.0.3-cp312-cp312-win_arm64.whl", hash = "sha256:35add3b638a5d900e807944a078b51922212fb3dedb01633a8defc4b01a3c85f", size = 13906, upload-time = "2025-09-27T18:36:40.689Z" },
]

[[package]]
name = "narwhals"
version = "2.22.1"
source = { registry = "https://pypi.org/simple" }
sdist = { url = "https://files.pythonhosted.org/packages/62/3c/c4ef2164a71c1a63d7f1ae411c4082c5fa872405106db60a4b7114989ad7/narwhals-2.22.1.tar.gz", hash = "sha256:d62920805a0a43b7ff8b54b0c0d3142d796f8a9301836ada37e573d6a33cbcd9", size = 647493, upload-time = "2026-06-05T12:34:34.051Z" }
wheels = [
    { url = "https://files.pythonhosted.org/packages/48/ca/36339329c4604adbcc99c899b7eb1ce1a555c499b6a6860757dc9bfed36d/narwhals-2.22.1-py3-none-any.whl", hash = "sha256:60567d774edf77db53906f89d9fbd164e66e56d66d388e1e6990f17ac33cfb53", size = 454815, upload-time = "2026-06-05T12:34:32.289Z" },
]

[[package]]
name = "nlohmann-json"
version = "3.12.0"
source = { registry = "https://pypi.org/simple" }
dependencies = [
    { name = "importlib-resources" },
]
wheels = [
    { url = "https://files.pythonhosted.org/packages/51/69/a42fddc89a6de959b65b27a15d69de85e88d2f99884e00b1b02c12dce301/nlohmann_json-3.12.0-py3-none-any.whl", hash = "sha256:5f6132720fb25d0d70bf0742f8397b49a540dcc193e7312a914f6aa49f054810", size = 174696, upload-time = "2025-04-16T06:56:16.148Z" },
]

[[package]]
name = "numpy"
version = "2.5.0"
source = { registry = "https://pypi.org/simple" }
sdist = { url = "https://files.pythonhosted.org/packages/e7/05/3d27272d30698dc0ecb7fdfaa41ad70303b444f81722bb99bce1d818638a/numpy-2.5.0.tar.gz", hash = "sha256:5a129578019311b6e56bdd714250f19b518f7dceeeb8d1af5490f4942d3f891c", size = 20652461, upload-time = "2026-06-21T20:57:51.95Z" }
wheels = [
    { url = "https://files.pythonhosted.org/packages/fa/0a/11486d02add7b1384dff7374d124b1cfbb0ee864dcc9f6a2c0380638cf84/numpy-2.5.0-cp312-cp312-macosx_10_13_x86_64.whl", hash = "sha256:489780423903667933b4ed6197b6ec3b75ea5dd17d1d8f0f38d798feb6921561", size = 16789987, upload-time = "2026-06-21T20:56:16.657Z" },
    { url = "https://files.pythonhosted.org/packages/55/b2/285f48640a181947b4587a3766d21ec1eaa7fea833d4b49957e09da467a2/numpy-2.5.0-cp312-cp312-macosx_11_0_arm64.whl", hash = "sha256:ece55976ced6bca95a03ae2839e2e5ccffe8eb6a3e7022415645eb154a81e4e6", size = 11760322, upload-time = "2026-06-21T20:56:19.813Z" },
    { url = "https://files.pythonhosted.org/packages/dd/67/b032db1eb03ca30d16eda3b0c22aaa615338b9263c2fd559d0f29451aca4/numpy-2.5.0-cp312-cp312-macosx_14_0_arm64.whl", hash = "sha256:c83b664b0e6eee9594fa920cf0639d8af796606d3fad6cc70180c87e4b97c7be", size = 5319605, upload-time = "2026-06-21T20:56:22.173Z" },
    { url = "https://files.pythonhosted.org/packages/b9/83/03fc7300c7c6b6c84c487b1dc80d322817b95fbd1f4dd57a85e23b7198de/numpy-2.5.0-cp312-cp312-macosx_14_0_x86_64.whl", hash = "sha256:bf80333980bf37f523341ddd72c783f39d6829ec7736b9eb99086388a2d52cc2", size = 6653628, upload-time = "2026-06-21T20:56:23.914Z" },
    { url = "https://files.pythonhosted.org/packages/82/49/2ec21730bc63ccfda829323f7040a8ed4715b3852ce658689cf74ee96a8c/numpy-2.5.0-cp312-cp312-manylinux_2_27_aarch64.manylinux_2_28_aarch64.whl", hash = "sha256:a1a4874217b36d5ac8fc876f52e39df56f8182c88463e9e2dceabf7ca8b7efb8", size = 15153691, upload-time = "2026-06-21T20:56:25.631Z" },
    { url = "https://files.pythonhosted.org/packages/bb/6b/f4a3d0637692c49da8ef99d72d52526f92e0a8d6ac4f0ca9f31441b9d9ea/numpy-2.5.0-cp312-cp312-manylinux_2_27_x86_64.manylinux_2_28_x86_64.whl", hash = "sha256:aaa760137137e8d3c920d27927748215b56014f92667dc9b6c27dfc61249255a", size = 16660066, upload-time = "2026-06-21T20:56:28.009Z" },
    { url = "https://files.pythonhosted.org/packages/3a/2f/c354ec86d1f3f5c19649463b0d39652e160736e5b0a4cd18dff0576715c4/numpy-2.5.0-cp312-cp312-musllinux_1_2_aarch64.whl", hash = "sha256:7174ce8265fc7f7417d171c9ea8fe905220748893ea67a2a7abe726ec331c4b0", size = 16514638, upload-time = "2026-06-21T20:56:30.26Z" },
    { url = "https://files.pythonhosted.org/packages/06/34/43efdcb319988648580f93c11f1ae82cf7e2faa74925e98e454ae3aa95f8/numpy-2.5.0-cp312-cp312-musllinux_1_2_x86_64.whl", hash = "sha256:b8c3daaf99de52415d20b42f8e8155c78642cb04207d02f9d317a0dcf1b3fb54", size = 18419647, upload-time = "2026-06-21T20:56:32.41Z" },
    { url = "https://files.pythonhosted.org/packages/71/e2/f5d1676b1d7fb682eb5e9a1641e7ebd2414b3216c370661d1029778908b4/numpy-2.5.0-cp312-cp312-win32.whl", hash = "sha256:6206db0af545d73d068add6d992279145f158428d1da6cc49adc4b630c5d6ee5", size = 6056688, upload-time = "2026-06-21T20:56:34.657Z" },
    { url = "https://files.pythonhosted.org/packages/8f/7c/48f115d1c58a34032facebcd51fdf2d02df2c51d4a46a81dd1197bb2ea6b/numpy-2.5.0-cp312-cp312-win_amd64.whl", hash = "sha256:6f2d6873e2940c860a309d21e25b1e69af6aaffdd80aa056b04c16380db1c4f2", size = 12419237, upload-time = "2026-06-21T20:56:36.24Z" },
    { url = "https://files.pythonhosted.org/packages/86/26/2e0882f4044d1b1a1b63e875151fb2393389032022a8b7f5657a7996d3b2/numpy-2.5.0-cp312-cp312-win_arm64.whl", hash = "sha256:a55e1eb2bca2cfd17a16b213c99dfc8502d47b0d494224d2122277d0400935ca", size = 10339912, upload-time = "2026-06-21T20:56:38.733Z" },
]

[[package]]
name = "osqp"
version = "1.1.3"
source = { registry = "https://pypi.org/simple" }
dependencies = [
    { name = "jinja2" },
    { name = "joblib" },
    { name = "numpy" },
    { name = "scipy" },
    { name = "setuptools" },
]
sdist = { url = "https://files.pythonhosted.org/packages/b0/7f/b441062e4766851fdf1d066857134c4c3bcf7e0089e4a1d007b6114cecd5/osqp-1.1.3.tar.gz", hash = "sha256:48f53ef5ec89e6ce99ffa955bc6ea0cf2eec09ea3d40905f0c9fadc939609907", size = 57816, upload-time = "2026-06-12T16:59:27.208Z" }
wheels = [
    { url = "https://files.pythonhosted.org/packages/49/d2/f21ddf1b41ecc14784186129125c4e9c19d8f6f7ade0f2e0efd4a44dded6/osqp-1.1.3-cp312-cp312-macosx_10_13_x86_64.whl", hash = "sha256:2b59e8094fe29d928d568cad0156a42daa44257ce142fb7808400016a62dc28c", size = 328512, upload-time = "2026-06-12T16:58:49.796Z" },
    { url = "https://files.pythonhosted.org/packages/de/45/1f99a9f25dc9534323b8ef9e578dc93acb33e2b762d5be267e1380b2dda5/osqp-1.1.3-cp312-cp312-macosx_11_0_arm64.whl", hash = "sha256:e5620abbdb259190da6f0e5421b9fdfd9386b46690210ce82aea6102cc85c67f", size = 308891, upload-time = "2026-06-12T16:58:51.07Z" },
    { url = "https://files.pythonhosted.org/packages/d5/25/176dbb33c3c3605367c0de8720945c6bdd8f9b0d411e0a94ef747085f034/osqp-1.1.3-cp312-cp312-manylinux_2_24_aarch64.manylinux_2_28_aarch64.whl", hash = "sha256:e44ad08234cfbd6d9f2a823118547e683b038676887e096533935b9fcc15fd3c", size = 328135, upload-time = "2026-06-12T16:58:52.185Z" },
    { url = "https://files.pythonhosted.org/packages/77/89/96e2e4de3b89e7363931c70eb58bded22656f5512bde18eb7a9272ce48d8/osqp-1.1.3-cp312-cp312-manylinux_2_24_x86_64.manylinux_2_28_x86_64.whl", hash = "sha256:6ceef7fb4f332892b6e0bbc17323d5c9e028c3f9db726b62a15d876d0f81cc06", size = 354077, upload-time = "2026-06-12T16:58:53.379Z" },
    { url = "https://files.pythonhosted.org/packages/c4/4b/6a1e4f5aa28117bc0a78be5e9f4071b6a11c00a33a01bc673c3faf2a0a65/osqp-1.1.3-cp312-cp312-win_amd64.whl", hash = "sha256:e7e9bd3939e47e726673218a7b04b9784ecbf9ef0b8bc69107d20cc659836ac1", size = 316733, upload-time = "2026-06-12T16:58:54.397Z" },
]

[[package]]
name = "packaging"
version = "26.2"
source = { registry = "https://pypi.org/simple" }
sdist = { url = "https://files.pythonhosted.org/packages/d7/f1/e7a6dd94a8d4a5626c03e4e99c87f241ba9e350cd9e6d75123f992427270/packaging-26.2.tar.gz", hash = "sha256:ff452ff5a3e828ce110190feff1178bb1f2ea2281fa2075aadb987c2fb221661", size = 228134, upload-time = "2026-04-24T20:15:23.917Z" }
wheels = [
    { url = "https://files.pythonhosted.org/packages/df/b2/87e62e8c3e2f4b32e5fe99e0b86d576da1312593b39f47d8ceef365e95ed/packaging-26.2-py3-none-any.whl", hash = "sha256:5fc45236b9446107ff2415ce77c807cee2862cb6fac22b8a73826d0693b0980e", size = 100195, upload-time = "2026-04-24T20:15:22.081Z" },
]

[[package]]
name = "plotly"
version = "6.8.0"
source = { registry = "https://pypi.org/simple" }
dependencies = [
    { name = "narwhals" },
    { name = "packaging" },
]
sdist = { url = "https://files.pythonhosted.org/packages/94/fd/d72c292d78aadb93d1a9bcd76bf3c678271040c7cf10abe5788b33040a39/plotly-6.8.0.tar.gz", hash = "sha256:e088e7ddc68d4f70e3d66659224727a45296d71d2b8284181862d3d8f1f0d88f", size = 6915161, upload-time = "2026-06-03T18:33:40.226Z" }
wheels = [
    { url = "https://files.pythonhosted.org/packages/f9/14/abe5ce876ab5b66ee3c691bf537fcd43d037aea55d447aacf74630a8f31e/plotly-6.8.0-py3-none-any.whl", hash = "sha256:13c5c4a0f70b74cab1913eda0de49b826df5931708eb6f9c3010040614700ec8", size = 9902055, upload-time = "2026-06-03T18:33:34.26Z" },
]

[[package]]
name = "pycparser"
version = "3.0"
source = { registry = "https://pypi.org/simple" }
sdist = { url = "https://files.pythonhosted.org/packages/1b/7d/92392ff7815c21062bea51aa7b87d45576f649f16458d78b7cf94b9ab2e6/pycparser-3.0.tar.gz", hash = "sha256:600f49d217304a5902ac3c37e1281c9fe94e4d0489de643a9504c5cdfdfc6b29", size = 103492, upload-time = "2026-01-21T14:26:51.89Z" }
wheels = [
    { url = "https://files.pythonhosted.org/packages/0c/c3/44f3fbbfa403ea2a7c779186dc20772604442dde72947e7d01069cbe98e3/pycparser-3.0-py3-none-any.whl", hash = "sha256:b727414169a36b7d524c1c3e31839a521725078d7b2ff038656844266160a992", size = 48172, upload-time = "2026-01-21T14:26:50.693Z" },
]

[[package]]
name = "qdldl"
version = "0.1.9.post1"
source = { registry = "https://pypi.org/simple" }
dependencies = [
    { name = "numpy" },
    { name = "scipy" },
]
sdist = { url = "https://files.pythonhosted.org/packages/51/4e/452984a63df9421cf8e7d25e8e6a44832cf0247a5e7b65e437cd516a0f8f/qdldl-0.1.9.post1.tar.gz", hash = "sha256:da2016d541c26cefc79bca4d8b5bebfa00f35db19704abb20efbd1c08df3b4c7", size = 76295, upload-time = "2026-02-19T16:48:36.651Z" }
wheels = [
    { url = "https://files.pythonhosted.org/packages/7e/ed/2ae64314f84211cb963136168fb119e595d1aea42d1f03a1e84ef7d04d68/qdldl-0.1.9.post1-cp312-cp312-macosx_10_13_x86_64.whl", hash = "sha256:25525962e90f1b9bfe3c4fb565222daf2bd77249bb6ffb9ae20b7da551f73538", size = 122478, upload-time = "2026-02-19T16:47:51.279Z" },
    { url = "https://files.pythonhosted.org/packages/15/45/767d8a6da3a04ee3c7262f897c1dd81e92d156c60eb5b43bcab4f2bc5af5/qdldl-0.1.9.post1-cp312-cp312-macosx_11_0_arm64.whl", hash = "sha256:a2c005c9365dea6389a9feacf636028453790cace114b54e40fd302d6f4bf91c", size = 117691, upload-time = "2026-02-19T16:47:52.287Z" },
    { url = "https://files.pythonhosted.org/packages/1f/58/cb80bb5d379a7e570a160a198ff6bff2398d6c61b5514462736348218013/qdldl-0.1.9.post1-cp312-cp312-manylinux_2_24_aarch64.manylinux_2_28_aarch64.whl", hash = "sha256:ee5b35c1dd419cbf388664d26d410c89a3e0c7e055e25223b6d28bd920349c8a", size = 1449354, upload-time = "2026-02-19T16:47:53.163Z" },
    { url = "https://files.pythonhosted.org/packages/43/11/8d89f71d4e1cb3152e4e3262db667282e0df6788d21800725195ee2384c0/qdldl-0.1.9.post1-cp312-cp312-manylinux_2_24_x86_64.manylinux_2_28_x86_64.whl", hash = "sha256:aa0e9721d272467c95a9748e6acea8911a12041ef3d8b20176aff829388ce57d", size = 1476880, upload-time = "2026-02-19T16:47:54.391Z" },
    { url = "https://files.pythonhosted.org/packages/d4/19/b30374cd37f145c4ee086642eca46c1a0b29d16027e02417b825d3708602/qdldl-0.1.9.post1-cp312-cp312-win_amd64.whl", hash = "sha256:f5a9bcda38dd19f75d72e47558f5132a99e5443238e5153a984c6f552bc4f4ac", size = 104542, upload-time = "2026-02-19T16:47:55.558Z" },
    { url = "https://files.pythonhosted.org/packages/22/51/2a683eddd1f0cf50440e0d173ccc4cb500775a8449e27651963873cdb4df/qdldl-0.1.9.post1-cp312-cp312-win_arm64.whl", hash = "sha256:ba3e19399553821b5ceee0c082fdb4453d00a38bd420b76dddec92ce2a5a065c", size = 98901, upload-time = "2026-02-19T16:47:56.553Z" },
]

[[package]]
name = "quant-risk-platform"
version = "0.1.0"
source = { editable = "." }
dependencies = [
    { name = "nlohmann-json" },
]

[package.optional-dependencies]
dashboard = [
    { name = "plotly" },
]
optimization = [
    { name = "cvxpy" },
    { name = "osqp" },
]

[package.metadata]
requires-dist = [
    { name = "cvxpy", marker = "extra == 'optimization'" },
    { name = "nlohmann-json" },
    { name = "osqp", marker = "extra == 'optimization'" },
    { name = "plotly", marker = "extra == 'dashboard'" },
]
provides-extras = ["dashboard", "optimization"]

[[package]]
name = "scipy"
version = "1.18.0"
source = { registry = "https://pypi.org/simple" }
dependencies = [
    { name = "numpy" },
]
sdist = { url = "https://files.pythonhosted.org/packages/a7/25/c2700dfaf6442b4effaa91af24ebce5dc9d31bb4a69706313aae70d72cd0/scipy-1.18.0.tar.gz", hash = "sha256:67b2ad2ad54c72ca6d04975a9b2df8c3638c34ddd5b28738e94fc2b57929d378", size = 30774447, upload-time = "2026-06-19T15:01:43.456Z" }
wheels = [
    { url = "https://files.pythonhosted.org/packages/6a/19/ca10ead60b0acc80b2b833c2c4a4f2ff753d0f58b811f70d911c7e94a25c/scipy-1.18.0-cp312-cp312-macosx_10_15_x86_64.whl", hash = "sha256:7bd21faaf5a1a3b2eff922d02db5f191b99a6518db9078a8fb23169f6d22259a", size = 31056519, upload-time = "2026-06-19T14:59:45.203Z" },
    { url = "https://files.pythonhosted.org/packages/96/72/1e6442a00cd2924d361aa1b642ab6373ec35c6fabf311a760be9f76e0f13/scipy-1.18.0-cp312-cp312-macosx_12_0_arm64.whl", hash = "sha256:265915e79107de9f946b855e50d7470d5893ec3f54b342e1aa6201cbdcd8bb6b", size = 28681889, upload-time = "2026-06-19T14:59:48.103Z" },
    { url = "https://files.pythonhosted.org/packages/9b/2d/11dd93d21e147a73ba22bd75c0b9208d3a2e0ec76d53170ce7d9029b1015/scipy-1.18.0-cp312-cp312-macosx_14_0_arm64.whl", hash = "sha256:9ab7b758be6940954a713ee466e2043e9f6e2ed965c1fce5c91039f4be3d90a9", size = 20423580, upload-time = "2026-06-19T14:59:50.665Z" },
    { url = "https://files.pythonhosted.org/packages/9c/01/93552f75e0d2a7dd115a45e59209c51e8d514daff02fc887d2623be06fe1/scipy-1.18.0-cp312-cp312-macosx_14_0_x86_64.whl", hash = "sha256:97b6cddaaee0a779ef6b5ca83c9604b27cc16b2b8fc22c142652df8793319fb8", size = 23054441, upload-time = "2026-06-19T14:59:53.564Z" },
    { url = "https://files.pythonhosted.org/packages/3c/23/21f5e703643d66f21faa6b4c73195bfcad70c55efcb4f1ab327cd7c4101a/scipy-1.18.0-cp312-cp312-manylinux_2_27_aarch64.manylinux_2_28_aarch64.whl", hash = "sha256:52a96e21517c7292375c0e27dd796a811f03fcea5fd4d108fdfea8145dcf17ab", size = 33968720, upload-time = "2026-06-19T14:59:56.415Z" },
    { url = "https://files.pythonhosted.org/packages/dd/aa/1b939f6c67ed68635bb538e6752d3dacc02f66535182e939a89581a44e9c/scipy-1.18.0-cp312-cp312-manylinux_2_27_x86_64.manylinux_2_28_x86_64.whl", hash = "sha256:1f55797419e16e7f30cf88ffb3113ce0467f00cfe3f70d5c281730b21769bfc2", size = 35287115, upload-time = "2026-06-19T14:59:59.411Z" },
    { url = "https://files.pythonhosted.org/packages/b6/ff/eec46be7e9234208f801062b53e1983085eddebd693f6c9bfb03b459830d/scipy-1.18.0-cp312-cp312-musllinux_1_2_aarch64.whl", hash = "sha256:ad033410e2e0672ffdc1042110cef20e1c46f8fd0616cee1d44d8d58fad8fc11", size = 35577989, upload-time = "2026-06-19T15:00:02.235Z" },
    { url = "https://files.pythonhosted.org/packages/84/ca/210d4759c7210bb7d269437421959b39a33434e2776b60c5cb8a763bb30a/scipy-1.18.0-cp312-cp312-musllinux_1_2_x86_64.whl", hash = "sha256:4a55985d54c769c872e64b7f4c8a81cc30ef700cc04296abbbf3705439c126de", size = 37421717, upload-time = "2026-06-19T15:00:05.102Z" },
    { url = "https://files.pythonhosted.org/packages/2b/54/9a9edb45345bd6744da5ddfb6628e5d5185920494c6a67ec45b6381004cb/scipy-1.18.0-cp312-cp312-win_amd64.whl", hash = "sha256:71ccc8faa2dd16ac310233203474a8b5cb67f10dedd54a3116d34943f4b19132", size = 36597428, upload-time = "2026-06-19T15:00:08.112Z" },
    { url = "https://files.pythonhosted.org/packages/99/0e/33f32a2a58987e26aec0f7df252cbbad1e90ae77bdbc76f40dd4ed0cf0ea/scipy-1.18.0-cp312-cp312-win_arm64.whl", hash = "sha256:d88363fd9d8fbd3511bd273f1a49efb2a540773ddf92a91d57498ce7dd7f3e76", size = 24351481, upload-time = "2026-06-19T15:00:11.103Z" },
]

[[package]]
name = "scs"
version = "3.2.11"
source = { registry = "https://pypi.org/simple" }
dependencies = [
    { name = "numpy" },
    { name = "scipy" },
]
sdist = { url = "https://files.pythonhosted.org/packages/9e/59/5cb7f9612a5a3ff6efd4ab2d899902a536cc5974a7edb589084c5577291c/scs-3.2.11.tar.gz", hash = "sha256:2a5455cf2093d07f84f2f848c199faed52e79cdb3a11fe250b5622b6bbac4913", size = 1691825, upload-time = "2026-01-09T17:53:54.074Z" }
wheels = [
    { url = "https://files.pythonhosted.org/packages/80/74/87a97e5fc2aac7ab3661c2555a25115121734c51eb4ebbabc2127f53bd83/scs-3.2.11-cp312-cp312-macosx_11_0_arm64.whl", hash = "sha256:ad646848375b5cf2d3e45a9ebefd87ccc37a53da9c32f2bf30ea5ad0e84d9e5b", size = 96302, upload-time = "2026-01-09T17:53:01.95Z" },
    { url = "https://files.pythonhosted.org/packages/24/0c/e34764a320249465dc6c11e67a6d34e2e53a9186a64f21759e94dfb043ee/scs-3.2.11-cp312-cp312-manylinux_2_27_aarch64.manylinux_2_28_aarch64.whl", hash = "sha256:f30821521a74f6930924b13e731e9455b6bdcfc964f66d5623d3c8d3fdd98126", size = 5071418, upload-time = "2026-01-09T17:53:03.59Z" },
    { url = "https://files.pythonhosted.org/packages/db/3d/dd17a1c1890ce25efd3908f7ab67a56b208e89c5a5d60a2dedaf99394dcb/scs-3.2.11-cp312-cp312-manylinux_2_27_x86_64.manylinux_2_28_x86_64.whl", hash = "sha256:8a89c71ebacd4790c461d3032a47e59ed4759e11c0f03fa79b5b84086ef9c7bc", size = 12079957, upload-time = "2026-01-09T17:53:05.439Z" },
    { url = "https://files.pythonhosted.org/packages/38/63/6f83bfa17e074c92b17e16a9bd897aedeec64f10f9200c86588d7fc583c2/scs-3.2.11-cp312-cp312-musllinux_1_2_x86_64.whl", hash = "sha256:4e37dc60081dd742bdcd63eeb5b260db116b3803162bcf6084eb203ebedcb080", size = 11973936, upload-time = "2026-01-09T17:53:07.926Z" },
    { url = "https://files.pythonhosted.org/packages/1a/fe/5d8f6048a90abc3aa053b5ac2acf3885dc46af94c3baf7d9ccf201a1ce19/scs-3.2.11-cp312-cp312-win_amd64.whl", hash = "sha256:2504266ff8e6a226f7ecb987567c93e6e996534cbf479a60a5a886549446205e", size = 7478461, upload-time = "2026-01-09T17:53:11.899Z" },
]

[[package]]
name = "setuptools"
version = "82.0.1"
source = { registry = "https://pypi.org/simple" }
sdist = { url = "https://files.pythonhosted.org/packages/4f/db/cfac1baf10650ab4d1c111714410d2fbb77ac5a616db26775db562c8fab2/setuptools-82.0.1.tar.gz", hash = "sha256:7d872682c5d01cfde07da7bccc7b65469d3dca203318515ada1de5eda35efbf9", size = 1152316, upload-time = "2026-03-09T12:47:17.221Z" }
wheels = [
    { url = "https://files.pythonhosted.org/packages/9d/76/f789f7a86709c6b087c5a2f52f911838cad707cc613162401badc665acfe/setuptools-82.0.1-py3-none-any.whl", hash = "sha256:a59e362652f08dcd477c78bb6e7bd9d80a7995bc73ce773050228a348ce2e5bb", size = 1006223, upload-time = "2026-03-09T12:47:15.026Z" },
]

[[package]]
name = "sparsediffpy"
version = "0.3.0"
source = { registry = "https://pypi.org/simple" }
dependencies = [
    { name = "numpy" },
]
sdist = { url = "https://files.pythonhosted.org/packages/0e/e7/6a3227a25a79a440e5ec5eff1e90f5911515a7c219ee95fc6dfe5d74ec30/sparsediffpy-0.3.0.tar.gz", hash = "sha256:fdd9115db63ee228d09e1917365b263a16811645c6d32ee7dce50ada09b3d5a5", size = 180927, upload-time = "2026-05-14T06:57:48.196Z" }
wheels = [
    { url = "https://files.pythonhosted.org/packages/2c/82/c2eb05d191fdeaee1f03d7ed5bc7f796256fd975eceb344a2a23fe6225e2/sparsediffpy-0.3.0-cp312-cp312-macosx_10_13_universal2.whl", hash = "sha256:22848d97852554c8814cd5a0bffc4f4f41930aa7155f2193e99332e8a9cf6f6d", size = 207399, upload-time = "2026-05-14T06:57:18.379Z" },
    { url = "https://files.pythonhosted.org/packages/12/8a/31b924d6756469af09e44ac93507e6cf9b80c3de3cae63e7185a89f0605f/sparsediffpy-0.3.0-cp312-cp312-macosx_10_13_x86_64.whl", hash = "sha256:cc49c774a44776afd728aca4ee1f062756416ee25366acbf32ad6416bdfb2630", size = 138478, upload-time = "2026-05-14T06:57:20.077Z" },
    { url = "https://files.pythonhosted.org/packages/23/4b/46834436ee28b2aa1404ac0b9fa2a3fcef4ee249d5fa624b0b16c50bee42/sparsediffpy-0.3.0-cp312-cp312-manylinux_2_27_aarch64.manylinux_2_28_aarch64.whl", hash = "sha256:31560dc28732401d922cb910d997adabed72f26338dbf03409e1a3c6639d1908", size = 5091184, upload-time = "2026-05-14T06:57:21.78Z" },
    { url = "https://files.pythonhosted.org/packages/d1/b7/e23622b87b93bdcca8ac3bd0ffe825a670ab7710ccafda7f4ca0d7d0af1b/sparsediffpy-0.3.0-cp312-cp312-manylinux_2_27_x86_64.manylinux_2_28_x86_64.whl", hash = "sha256:614ba5d5fbdd64c3f53fa9b6dbd37d6794c55176093eba4b58f3618cf20d62bf", size = 12099967, upload-time = "2026-05-14T06:57:24.009Z" },
    { url = "https://files.pythonhosted.org/packages/a6/a7/487fcf2157472235411e30795f1b8270e311db73e1bb58b3fe73d70c19d3/sparsediffpy-0.3.0-cp312-cp312-win_amd64.whl", hash = "sha256:695be68fedc2c1b6fc258d05e37e20b4081c38e020ec5c9d862e42266d1ece84", size = 130146, upload-time = "2026-05-14T06:57:26.56Z" },
]
